
Microsoft Visual Studio Solution File, Format Version 12.00
# Visual Studio 2013
VisualStudioVersion = 12.0.30501.0
MinimumVisualStudioVersion = 10.0.40219.1
Project("{8BC9CEB8-8B4A-11D0-8D11-00A0C91BC942}") = "C3_5_to_3_6", "C3_5_to_3_6\C3_5_to_3_6.vcxproj", "{56CF5751-2ADD-47D6-96F3-32A1E2D6D11F}"
EndProject
Global
	GlobalSection(SolutionConfigurationPlatforms) = preSolution
		Debug|Win32 = Debug|Win32
		Release|Win32 = Release|Win32
	EndGlobalSection
	GlobalSection(ProjectConfigurationPlatforms) = postSolution
		{56CF5751-2ADD-47D6-96F3-32A1E2D6D11F}.Debug|Win32.ActiveCfg = Debug|Win32
		{56CF5751-2ADD-47D6-96F3-32A1E2D6D11F}.Debug|Win32.Build.0 = Debug|Win32
		{56CF5751-2ADD-47D6-96F3-32A1E2D6D11F}.Release|Win32.ActiveCfg = Release|Win32
		{56CF5751-2ADD-47D6-96F3-32A1E2D6D11F}.Release|Win32.Build.0 = Release|Win32
	EndGlobalSection
	GlobalSection(SolutionProperties) = preSolution
		HideSolutionNode = FALSE
	EndGlobalSection
EndGlobal
