
Microsoft Visual Studio Solution File, Format Version 12.00
# Visual Studio 2013
VisualStudioVersion = 12.0.30501.0
MinimumVisualStudioVersion = 10.0.40219.1
Project("{8BC9CEB8-8B4A-11D0-8D11-00A0C91BC942}") = "C4_1_to_4_4", "C4_1_to_4_4\C4_1_to_4_4.vcxproj", "{861171FA-3360-41E8-AAC5-9438474EC053}"
EndProject
Global
	GlobalSection(SolutionConfigurationPlatforms) = preSolution
		Debug|Win32 = Debug|Win32
		Release|Win32 = Release|Win32
	EndGlobalSection
	GlobalSection(ProjectConfigurationPlatforms) = postSolution
		{861171FA-3360-41E8-AAC5-9438474EC053}.Debug|Win32.ActiveCfg = Debug|Win32
		{861171FA-3360-41E8-AAC5-9438474EC053}.Debug|Win32.Build.0 = Debug|Win32
		{861171FA-3360-41E8-AAC5-9438474EC053}.Release|Win32.ActiveCfg = Release|Win32
		{861171FA-3360-41E8-AAC5-9438474EC053}.Release|Win32.Build.0 = Release|Win32
	EndGlobalSection
	GlobalSection(SolutionProperties) = preSolution
		HideSolutionNode = FALSE
	EndGlobalSection
EndGlobal
